// !$*UTF8*$!
{
	archiveVersion = 1;
	classes = {
	};
	objectVersion = 55;
	objects = {

/* Begin PBXBuildFile section */
		B143DA947AC5E44DFD9594F6 /* Pods_Layer.framework in Frameworks */ = {isa = PBXBuildFile; fileRef = D4C168FDC4F38407D4319660 /* Pods_Layer.framework */; };
		D10822E528A3B4F6001E743F /* FrameManager.swift in Sources */ = {isa = PBXBuildFile; fileRef = D10822E428A3B4F6001E743F /* FrameManager.swift */; };
		D10822E728A3BA70001E743F /* CommonBackendType.swift in Sources */ = {isa = PBXBuildFile; fileRef = D10822E628A3BA70001E743F /* CommonBackendType.swift */; };
		D11907FF28AA823C009FBF64 /* CurrentUserModel.swift in Sources */ = {isa = PBXBuildFile; fileRef = D11907FE28AA823C009FBF64 /* CurrentUserModel.swift */; };
		D119080228AA844B009FBF64 /* DefaultViewController.swift in Sources */ = {isa = PBXBuildFile; fileRef = D119080128AA844B009FBF64 /* DefaultViewController.swift */; };
		D119080428AA84BF009FBF64 /* AuthManager.swift in Sources */ = {isa = PBXBuildFile; fileRef = D119080328AA84BF009FBF64 /* AuthManager.swift */; };
		D119080628AA8751009FBF64 /* Error.swift in Sources */ = {isa = PBXBuildFile; fileRef = D119080528AA8751009FBF64 /* Error.swift */; };
		D119080A28AA9BBD009FBF64 /* FriendModel.swift in Sources */ = {isa = PBXBuildFile; fileRef = D119080928AA9BBD009FBF64 /* FriendModel.swift */; };
		D122BB0128B12DEA00104170 /* UserProfileViewController.swift in Sources */ = {isa = PBXBuildFile; fileRef = D122BB0028B12DEA00104170 /* UserProfileViewController.swift */; };
		D12D4AD428EEA5F400923303 /* CommonModel.swift in Sources */ = {isa = PBXBuildFile; fileRef = D12D4AD328EEA5F400923303 /* CommonModel.swift */; };
		D13AFE982895706300EFDC67 /* FrameTableViewCell.swift in Sources */ = {isa = PBXBuildFile; fileRef = D13AFE972895706300EFDC67 /* FrameTableViewCell.swift */; };
		D13AFE9A289573BC00EFDC67 /* LayerViewModel.swift in Sources */ = {isa = PBXBuildFile; fileRef = D13AFE99289573BC00EFDC67 /* LayerViewModel.swift */; };
		D13AFE9C2895757D00EFDC67 /* UIImageView+.swift in Sources */ = {isa = PBXBuildFile; fileRef = D13AFE9B2895757D00EFDC67 /* UIImageView+.swift */; };
		D1503D6C289527C400C53B81 /* FrameModel.swift in Sources */ = {isa = PBXBuildFile; fileRef = D1503D6B289527C400C53B81 /* FrameModel.swift */; };
		D1503D6E2895280300C53B81 /* WriterModel.swift in Sources */ = {isa = PBXBuildFile; fileRef = D1503D6D2895280300C53B81 /* WriterModel.swift */; };
		D1503D70289529EE00C53B81 /* Encodable+.swift in Sources */ = {isa = PBXBuildFile; fileRef = D1503D6F289529EE00C53B81 /* Encodable+.swift */; };
		D16194B728EBB515009DD015 /* SelectFrameViewController.swift in Sources */ = {isa = PBXBuildFile; fileRef = D16194B628EBB515009DD015 /* SelectFrameViewController.swift */; };
		D16194BB28EBBA46009DD015 /* AddTextFrameViewController.swift in Sources */ = {isa = PBXBuildFile; fileRef = D16194BA28EBBA46009DD015 /* AddTextFrameViewController.swift */; };
		D16D99EB2881695200D7C57E /* AppDelegate.swift in Sources */ = {isa = PBXBuildFile; fileRef = D16D99EA2881695200D7C57E /* AppDelegate.swift */; };
		D16D99ED2881695200D7C57E /* SceneDelegate.swift in Sources */ = {isa = PBXBuildFile; fileRef = D16D99EC2881695200D7C57E /* SceneDelegate.swift */; };
		D16D99F22881695200D7C57E /* Main.storyboard in Resources */ = {isa = PBXBuildFile; fileRef = D16D99F02881695200D7C57E /* Main.storyboard */; };
		D16D99F42881695300D7C57E /* Assets.xcassets in Resources */ = {isa = PBXBuildFile; fileRef = D16D99F32881695300D7C57E /* Assets.xcassets */; };
		D16D99F72881695300D7C57E /* LaunchScreen.storyboard in Resources */ = {isa = PBXBuildFile; fileRef = D16D99F52881695300D7C57E /* LaunchScreen.storyboard */; };
		D1A554E928EBC85C0060226F /* SelectLayerViewController.swift in Sources */ = {isa = PBXBuildFile; fileRef = D16194BD28EBBF15009DD015 /* SelectLayerViewController.swift */; };
		D1A55F4D289182EF00D9B645 /* Layer.storyboard in Resources */ = {isa = PBXBuildFile; fileRef = D1A55F4C289182EF00D9B645 /* Layer.storyboard */; };
		D1A55F4F289182F800D9B645 /* LayerViewController.swift in Sources */ = {isa = PBXBuildFile; fileRef = D1A55F4E289182F800D9B645 /* LayerViewController.swift */; };
		D1A55F512891841300D9B645 /* MainViewController.swift in Sources */ = {isa = PBXBuildFile; fileRef = D1A55F502891841300D9B645 /* MainViewController.swift */; };
		D1B8E8A328816D3D003B2C48 /* GoogleService-Info.plist in Resources */ = {isa = PBXBuildFile; fileRef = D1B8E8A228816D3D003B2C48 /* GoogleService-Info.plist */; };
		D1B8E8A928817007003B2C48 /* UIView+.swift in Sources */ = {isa = PBXBuildFile; fileRef = D1B8E8A828817007003B2C48 /* UIView+.swift */; };
		D1B8E8AB28817080003B2C48 /* UIColor+.swift in Sources */ = {isa = PBXBuildFile; fileRef = D1B8E8AA28817080003B2C48 /* UIColor+.swift */; };
		D1C73BA228EE92E600E636F6 /* UIButton.swift in Sources */ = {isa = PBXBuildFile; fileRef = D1C73BA128EE92E600E636F6 /* UIButton.swift */; };
		D1C73BA428EE95A800E636F6 /* Date+.swift in Sources */ = {isa = PBXBuildFile; fileRef = D1C73BA328EE95A800E636F6 /* Date+.swift */; };
		D1DB663828ED437C007A8837 /* FrameUploadModel.swift in Sources */ = {isa = PBXBuildFile; fileRef = D1DB663728ED437C007A8837 /* FrameUploadModel.swift */; };
		D1DB663A28ED45AB007A8837 /* AddFrameType.swift in Sources */ = {isa = PBXBuildFile; fileRef = D1DB663928ED45AB007A8837 /* AddFrameType.swift */; };
		D1E06DF92891540D001F12FD /* Auth.storyboard in Resources */ = {isa = PBXBuildFile; fileRef = D1E06DF82891540D001F12FD /* Auth.storyboard */; };
		D1E06DFC28915B63001F12FD /* SignInViewController.swift in Sources */ = {isa = PBXBuildFile; fileRef = D1E06DFB28915B63001F12FD /* SignInViewController.swift */; };
		D1E06E0428915D32001F12FD /* SpoqaHanSansNeo-Medium.otf in Resources */ = {isa = PBXBuildFile; fileRef = D1E06E0028915C59001F12FD /* SpoqaHanSansNeo-Medium.otf */; };
		D1E06E0528915D32001F12FD /* SpoqaHanSansNeo-Light.otf in Resources */ = {isa = PBXBuildFile; fileRef = D1E06E0128915C59001F12FD /* SpoqaHanSansNeo-Light.otf */; };
		D1E06E0628915D32001F12FD /* SpoqaHanSansNeo-Regular.otf in Resources */ = {isa = PBXBuildFile; fileRef = D1E06E0328915C5A001F12FD /* SpoqaHanSansNeo-Regular.otf */; };
		D1E06E0728915D32001F12FD /* SpoqaHanSansNeo-Bold.otf in Resources */ = {isa = PBXBuildFile; fileRef = D1E06DFF28915C59001F12FD /* SpoqaHanSansNeo-Bold.otf */; };
		D1E06E0828915D32001F12FD /* SpoqaHanSansNeo-Thin.otf in Resources */ = {isa = PBXBuildFile; fileRef = D1E06E0228915C5A001F12FD /* SpoqaHanSansNeo-Thin.otf */; };
		D1E06E0A28915D64001F12FD /* UIFont+.swift in Sources */ = {isa = PBXBuildFile; fileRef = D1E06E0928915D64001F12FD /* UIFont+.swift */; };
		D1E06E0C2891608E001F12FD /* SignInViewModel.swift in Sources */ = {isa = PBXBuildFile; fileRef = D1E06E0B2891608E001F12FD /* SignInViewModel.swift */; };
		D1E06E0E28917E76001F12FD /* MainPageViewController.swift in Sources */ = {isa = PBXBuildFile; fileRef = D1E06E0D28917E76001F12FD /* MainPageViewController.swift */; };
		D1E06E1328917FA5001F12FD /* Profile.storyboard in Resources */ = {isa = PBXBuildFile; fileRef = D1E06E1228917FA5001F12FD /* Profile.storyboard */; };
		D1E06E1528917FAD001F12FD /* Message.storyboard in Resources */ = {isa = PBXBuildFile; fileRef = D1E06E1428917FAD001F12FD /* Message.storyboard */; };
		D1E06E1728917FBC001F12FD /* ProfileViewController.swift in Sources */ = {isa = PBXBuildFile; fileRef = D1E06E1628917FBC001F12FD /* ProfileViewController.swift */; };
		D1E06E1928917FC3001F12FD /* MessageViewController.swift in Sources */ = {isa = PBXBuildFile; fileRef = D1E06E1828917FC3001F12FD /* MessageViewController.swift */; };
		D1F70E8728D9421900873E71 /* UserManager.swift in Sources */ = {isa = PBXBuildFile; fileRef = D1F70E8628D9421900873E71 /* UserManager.swift */; };
		D1F70E8928D9439500873E71 /* UserModel.swift in Sources */ = {isa = PBXBuildFile; fileRef = D1F70E8828D9439500873E71 /* UserModel.swift */; };
		D1F70E8B28D95EB900873E71 /* SimpleFrameModel.swift in Sources */ = {isa = PBXBuildFile; fileRef = D1F70E8A28D95EB900873E71 /* SimpleFrameModel.swift */; };
/* End PBXBuildFile section */

/* Begin PBXFileReference section */
		1FEFFC0F995940DA37794619 /* Pods-Layer.release.xcconfig */ = {isa = PBXFileReference; includeInIndex = 1; lastKnownFileType = text.xcconfig; name = "Pods-Layer.release.xcconfig"; path = "Target Support Files/Pods-Layer/Pods-Layer.release.xcconfig"; sourceTree = "<group>"; };
		CE9DD52763CD72DC31FA8D60 /* Pods-Layer.debug.xcconfig */ = {isa = PBXFileReference; includeInIndex = 1; lastKnownFileType = text.xcconfig; name = "Pods-Layer.debug.xcconfig"; path = "Target Support Files/Pods-Layer/Pods-Layer.debug.xcconfig"; sourceTree = "<group>"; };
		D10822E428A3B4F6001E743F /* FrameManager.swift */ = {isa = PBXFileReference; lastKnownFileType = sourcecode.swift; path = FrameManager.swift; sourceTree = "<group>"; };
		D10822E628A3BA70001E743F /* CommonBackendType.swift */ = {isa = PBXFileReference; lastKnownFileType = sourcecode.swift; path = CommonBackendType.swift; sourceTree = "<group>"; };
		D11907FE28AA823C009FBF64 /* CurrentUserModel.swift */ = {isa = PBXFileReference; lastKnownFileType = sourcecode.swift; path = CurrentUserModel.swift; sourceTree = "<group>"; };
		D119080128AA844B009FBF64 /* DefaultViewController.swift */ = {isa = PBXFileReference; lastKnownFileType = sourcecode.swift; path = DefaultViewController.swift; sourceTree = "<group>"; };
		D119080328AA84BF009FBF64 /* AuthManager.swift */ = {isa = PBXFileReference; lastKnownFileType = sourcecode.swift; path = AuthManager.swift; sourceTree = "<group>"; };
		D119080528AA8751009FBF64 /* Error.swift */ = {isa = PBXFileReference; lastKnownFileType = sourcecode.swift; path = Error.swift; sourceTree = "<group>"; };
		D119080928AA9BBD009FBF64 /* FriendModel.swift */ = {isa = PBXFileReference; lastKnownFileType = sourcecode.swift; path = FriendModel.swift; sourceTree = "<group>"; };
		D122BB0028B12DEA00104170 /* UserProfileViewController.swift */ = {isa = PBXFileReference; lastKnownFileType = sourcecode.swift; path = UserProfileViewController.swift; sourceTree = "<group>"; };
		D12D4AD328EEA5F400923303 /* CommonModel.swift */ = {isa = PBXFileReference; lastKnownFileType = sourcecode.swift; path = CommonModel.swift; sourceTree = "<group>"; };
		D13AFE972895706300EFDC67 /* FrameTableViewCell.swift */ = {isa = PBXFileReference; lastKnownFileType = sourcecode.swift; path = FrameTableViewCell.swift; sourceTree = "<group>"; };
		D13AFE99289573BC00EFDC67 /* LayerViewModel.swift */ = {isa = PBXFileReference; lastKnownFileType = sourcecode.swift; path = LayerViewModel.swift; sourceTree = "<group>"; };
		D13AFE9B2895757D00EFDC67 /* UIImageView+.swift */ = {isa = PBXFileReference; lastKnownFileType = sourcecode.swift; path = "UIImageView+.swift"; sourceTree = "<group>"; };
		D148248228B0FD68005FF425 /* Layer.entitlements */ = {isa = PBXFileReference; lastKnownFileType = text.plist.entitlements; path = Layer.entitlements; sourceTree = "<group>"; };
		D1503D6B289527C400C53B81 /* FrameModel.swift */ = {isa = PBXFileReference; lastKnownFileType = sourcecode.swift; path = FrameModel.swift; sourceTree = "<group>"; };
		D1503D6D2895280300C53B81 /* WriterModel.swift */ = {isa = PBXFileReference; lastKnownFileType = sourcecode.swift; path = WriterModel.swift; sourceTree = "<group>"; };
		D1503D6F289529EE00C53B81 /* Encodable+.swift */ = {isa = PBXFileReference; lastKnownFileType = sourcecode.swift; path = "Encodable+.swift"; sourceTree = "<group>"; };
		D16194B628EBB515009DD015 /* SelectFrameViewController.swift */ = {isa = PBXFileReference; lastKnownFileType = sourcecode.swift; path = SelectFrameViewController.swift; sourceTree = "<group>"; };
		D16194BA28EBBA46009DD015 /* AddTextFrameViewController.swift */ = {isa = PBXFileReference; lastKnownFileType = sourcecode.swift; path = AddTextFrameViewController.swift; sourceTree = "<group>"; };
		D16194BD28EBBF15009DD015 /* SelectLayerViewController.swift */ = {isa = PBXFileReference; lastKnownFileType = sourcecode.swift; path = SelectLayerViewController.swift; sourceTree = "<group>"; };
		D16D99E72881695200D7C57E /* Layer.app */ = {isa = PBXFileReference; explicitFileType = wrapper.application; includeInIndex = 0; path = Layer.app; sourceTree = BUILT_PRODUCTS_DIR; };
		D16D99EA2881695200D7C57E /* AppDelegate.swift */ = {isa = PBXFileReference; lastKnownFileType = sourcecode.swift; path = AppDelegate.swift; sourceTree = "<group>"; };
		D16D99EC2881695200D7C57E /* SceneDelegate.swift */ = {isa = PBXFileReference; lastKnownFileType = sourcecode.swift; path = SceneDelegate.swift; sourceTree = "<group>"; };
		D16D99F12881695200D7C57E /* Base */ = {isa = PBXFileReference; lastKnownFileType = file.storyboard; name = Base; path = Base.lproj/Main.storyboard; sourceTree = "<group>"; };
		D16D99F32881695300D7C57E /* Assets.xcassets */ = {isa = PBXFileReference; lastKnownFileType = folder.assetcatalog; path = Assets.xcassets; sourceTree = "<group>"; };
		D16D99F62881695300D7C57E /* Base */ = {isa = PBXFileReference; lastKnownFileType = file.storyboard; name = Base; path = Base.lproj/LaunchScreen.storyboard; sourceTree = "<group>"; };
		D16D99F82881695300D7C57E /* Info.plist */ = {isa = PBXFileReference; lastKnownFileType = text.plist.xml; path = Info.plist; sourceTree = "<group>"; };
		D1A55F4C289182EF00D9B645 /* Layer.storyboard */ = {isa = PBXFileReference; lastKnownFileType = file.storyboard; path = Layer.storyboard; sourceTree = "<group>"; };
		D1A55F4E289182F800D9B645 /* LayerViewController.swift */ = {isa = PBXFileReference; lastKnownFileType = sourcecode.swift; path = LayerViewController.swift; sourceTree = "<group>"; };
		D1A55F502891841300D9B645 /* MainViewController.swift */ = {isa = PBXFileReference; lastKnownFileType = sourcecode.swift; path = MainViewController.swift; sourceTree = "<group>"; };
		D1B8E8A228816D3D003B2C48 /* GoogleService-Info.plist */ = {isa = PBXFileReference; fileEncoding = 4; lastKnownFileType = text.plist.xml; path = "GoogleService-Info.plist"; sourceTree = "<group>"; };
		D1B8E8A828817007003B2C48 /* UIView+.swift */ = {isa = PBXFileReference; lastKnownFileType = sourcecode.swift; path = "UIView+.swift"; sourceTree = "<group>"; };
		D1B8E8AA28817080003B2C48 /* UIColor+.swift */ = {isa = PBXFileReference; lastKnownFileType = sourcecode.swift; path = "UIColor+.swift"; sourceTree = "<group>"; };
		D1C73BA128EE92E600E636F6 /* UIButton.swift */ = {isa = PBXFileReference; lastKnownFileType = sourcecode.swift; path = UIButton.swift; sourceTree = "<group>"; };
		D1C73BA328EE95A800E636F6 /* Date+.swift */ = {isa = PBXFileReference; lastKnownFileType = sourcecode.swift; path = "Date+.swift"; sourceTree = "<group>"; };
		D1DB663728ED437C007A8837 /* FrameUploadModel.swift */ = {isa = PBXFileReference; lastKnownFileType = sourcecode.swift; path = FrameUploadModel.swift; sourceTree = "<group>"; };
		D1DB663928ED45AB007A8837 /* AddFrameType.swift */ = {isa = PBXFileReference; lastKnownFileType = sourcecode.swift; path = AddFrameType.swift; sourceTree = "<group>"; };
		D1E06DF82891540D001F12FD /* Auth.storyboard */ = {isa = PBXFileReference; lastKnownFileType = file.storyboard; path = Auth.storyboard; sourceTree = "<group>"; };
		D1E06DFB28915B63001F12FD /* SignInViewController.swift */ = {isa = PBXFileReference; lastKnownFileType = sourcecode.swift; path = SignInViewController.swift; sourceTree = "<group>"; };
		D1E06DFF28915C59001F12FD /* SpoqaHanSansNeo-Bold.otf */ = {isa = PBXFileReference; lastKnownFileType = file; path = "SpoqaHanSansNeo-Bold.otf"; sourceTree = "<group>"; };
		D1E06E0028915C59001F12FD /* SpoqaHanSansNeo-Medium.otf */ = {isa = PBXFileReference; lastKnownFileType = file; path = "SpoqaHanSansNeo-Medium.otf"; sourceTree = "<group>"; };
		D1E06E0128915C59001F12FD /* SpoqaHanSansNeo-Light.otf */ = {isa = PBXFileReference; lastKnownFileType = file; path = "SpoqaHanSansNeo-Light.otf"; sourceTree = "<group>"; };
		D1E06E0228915C5A001F12FD /* SpoqaHanSansNeo-Thin.otf */ = {isa = PBXFileReference; lastKnownFileType = file; path = "SpoqaHanSansNeo-Thin.otf"; sourceTree = "<group>"; };
		D1E06E0328915C5A001F12FD /* SpoqaHanSansNeo-Regular.otf */ = {isa = PBXFileReference; lastKnownFileType = file; path = "SpoqaHanSansNeo-Regular.otf"; sourceTree = "<group>"; };
		D1E06E0928915D64001F12FD /* UIFont+.swift */ = {isa = PBXFileReference; lastKnownFileType = sourcecode.swift; path = "UIFont+.swift"; sourceTree = "<group>"; };
		D1E06E0B2891608E001F12FD /* SignInViewModel.swift */ = {isa = PBXFileReference; lastKnownFileType = sourcecode.swift; path = SignInViewModel.swift; sourceTree = "<group>"; };
		D1E06E0D28917E76001F12FD /* MainPageViewController.swift */ = {isa = PBXFileReference; lastKnownFileType = sourcecode.swift; path = MainPageViewController.swift; sourceTree = "<group>"; };
		D1E06E1228917FA5001F12FD /* Profile.storyboard */ = {isa = PBXFileReference; lastKnownFileType = file.storyboard; path = Profile.storyboard; sourceTree = "<group>"; };
		D1E06E1428917FAD001F12FD /* Message.storyboard */ = {isa = PBXFileReference; lastKnownFileType = file.storyboard; path = Message.storyboard; sourceTree = "<group>"; };
		D1E06E1628917FBC001F12FD /* ProfileViewController.swift */ = {isa = PBXFileReference; lastKnownFileType = sourcecode.swift; path = ProfileViewController.swift; sourceTree = "<group>"; };
		D1E06E1828917FC3001F12FD /* MessageViewController.swift */ = {isa = PBXFileReference; lastKnownFileType = sourcecode.swift; path = MessageViewController.swift; sourceTree = "<group>"; };
		D1F70E8628D9421900873E71 /* UserManager.swift */ = {isa = PBXFileReference; lastKnownFileType = sourcecode.swift; path = UserManager.swift; sourceTree = "<group>"; };
		D1F70E8828D9439500873E71 /* UserModel.swift */ = {isa = PBXFileReference; lastKnownFileType = sourcecode.swift; path = UserModel.swift; sourceTree = "<group>"; };
		D1F70E8A28D95EB900873E71 /* SimpleFrameModel.swift */ = {isa = PBXFileReference; lastKnownFileType = sourcecode.swift; path = SimpleFrameModel.swift; sourceTree = "<group>"; };
		D4C168FDC4F38407D4319660 /* Pods_Layer.framework */ = {isa = PBXFileReference; explicitFileType = wrapper.framework; includeInIndex = 0; path = Pods_Layer.framework; sourceTree = BUILT_PRODUCTS_DIR; };
/* End PBXFileReference section */

/* Begin PBXFrameworksBuildPhase section */
		D16D99E42881695200D7C57E /* Frameworks */ = {
			isa = PBXFrameworksBuildPhase;
			buildActionMask = 2147483647;
			files = (
				B143DA947AC5E44DFD9594F6 /* Pods_Layer.framework in Frameworks */,
			);
			runOnlyForDeploymentPostprocessing = 0;
		};
/* End PBXFrameworksBuildPhase section */

/* Begin PBXGroup section */
		803C085F7B5DF00F217C32D1 /* Frameworks */ = {
			isa = PBXGroup;
			children = (
				D4C168FDC4F38407D4319660 /* Pods_Layer.framework */,
			);
			name = Frameworks;
			sourceTree = "<group>";
		};
		D119080028AA8443009FBF64 /* Default */ = {
			isa = PBXGroup;
			children = (
				D119080128AA844B009FBF64 /* DefaultViewController.swift */,
			);
			path = Default;
			sourceTree = "<group>";
		};
		D122BAFF28B12DE100104170 /* UserProfile */ = {
			isa = PBXGroup;
			children = (
				D122BB0028B12DEA00104170 /* UserProfileViewController.swift */,
			);
			path = UserProfile;
			sourceTree = "<group>";
		};
		D12D4AD228EEA5EB00923303 /* CommonModel */ = {
			isa = PBXGroup;
			children = (
				D12D4AD328EEA5F400923303 /* CommonModel.swift */,
			);
			path = CommonModel;
			sourceTree = "<group>";
		};
		D13AFE962895704B00EFDC67 /* Cell */ = {
			isa = PBXGroup;
			children = (
				D13AFE972895706300EFDC67 /* FrameTableViewCell.swift */,
			);
			path = Cell;
			sourceTree = "<group>";
		};
		D1503D6A289527A500C53B81 /* Models */ = {
			isa = PBXGroup;
			children = (
				D12D4AD228EEA5EB00923303 /* CommonModel */,
				D1DB663628ED436F007A8837 /* Frame */,
				D1503D6D2895280300C53B81 /* WriterModel.swift */,
				D11907FE28AA823C009FBF64 /* CurrentUserModel.swift */,
				D1F70E8828D9439500873E71 /* UserModel.swift */,
				D119080528AA8751009FBF64 /* Error.swift */,
				D119080928AA9BBD009FBF64 /* FriendModel.swift */,
			);
			path = Models;
			sourceTree = "<group>";
		};
		D1503D7128952BC500C53B81 /* Backend */ = {
			isa = PBXGroup;
			children = (
				D10822E628A3BA70001E743F /* CommonBackendType.swift */,
				D10822E428A3B4F6001E743F /* FrameManager.swift */,
				D119080328AA84BF009FBF64 /* AuthManager.swift */,
				D1F70E8628D9421900873E71 /* UserManager.swift */,
			);
			path = Backend;
			sourceTree = "<group>";
		};
		D16194B528EBB507009DD015 /* SelectFrame */ = {
			isa = PBXGroup;
			children = (
				D16194B628EBB515009DD015 /* SelectFrameViewController.swift */,
			);
			path = SelectFrame;
			sourceTree = "<group>";
		};
		D16194B828EBBA33009DD015 /* AddFrame */ = {
			isa = PBXGroup;
			children = (
				D16194BC28EBBF0E009DD015 /* SelectLayer */,
				D16194B928EBBA3C009DD015 /* AddTextFrame */,
				D1DB663928ED45AB007A8837 /* AddFrameType.swift */,
			);
			path = AddFrame;
			sourceTree = "<group>";
		};
		D16194B928EBBA3C009DD015 /* AddTextFrame */ = {
			isa = PBXGroup;
			children = (
				D16194BA28EBBA46009DD015 /* AddTextFrameViewController.swift */,
			);
			path = AddTextFrame;
			sourceTree = "<group>";
		};
		D16194BC28EBBF0E009DD015 /* SelectLayer */ = {
			isa = PBXGroup;
			children = (
				D16194BD28EBBF15009DD015 /* SelectLayerViewController.swift */,
			);
			path = SelectLayer;
			sourceTree = "<group>";
		};
		D16D99DE2881695200D7C57E = {
			isa = PBXGroup;
			children = (
				D16D99E92881695200D7C57E /* Layer */,
				D16D99E82881695200D7C57E /* Products */,
				EE1ACEF6AEB37D58409B0A83 /* Pods */,
				803C085F7B5DF00F217C32D1 /* Frameworks */,
			);
			sourceTree = "<group>";
		};
		D16D99E82881695200D7C57E /* Products */ = {
			isa = PBXGroup;
			children = (
				D16D99E72881695200D7C57E /* Layer.app */,
			);
			name = Products;
			sourceTree = "<group>";
		};
		D16D99E92881695200D7C57E /* Layer */ = {
			isa = PBXGroup;
			children = (
				D148248228B0FD68005FF425 /* Layer.entitlements */,
				D1503D7128952BC500C53B81 /* Backend */,
				D1503D6A289527A500C53B81 /* Models */,
				D1E06DFD28915C44001F12FD /* Sources */,
				D1B8E8A728816FFA003B2C48 /* Extension */,
				D1B8E8A428816DE9003B2C48 /* View */,
				D16D99EA2881695200D7C57E /* AppDelegate.swift */,
				D16D99EC2881695200D7C57E /* SceneDelegate.swift */,
				D16D99F32881695300D7C57E /* Assets.xcassets */,
				D16D99F52881695300D7C57E /* LaunchScreen.storyboard */,
				D16D99F82881695300D7C57E /* Info.plist */,
				D1B8E8A228816D3D003B2C48 /* GoogleService-Info.plist */,
			);
			path = Layer;
			sourceTree = "<group>";
		};
		D1A55F4B289182E500D9B645 /* Layer */ = {
			isa = PBXGroup;
			children = (
				D16194B828EBBA33009DD015 /* AddFrame */,
				D16194B528EBB507009DD015 /* SelectFrame */,
				D122BAFF28B12DE100104170 /* UserProfile */,
				D13AFE962895704B00EFDC67 /* Cell */,
				D1A55F4C289182EF00D9B645 /* Layer.storyboard */,
				D1A55F4E289182F800D9B645 /* LayerViewController.swift */,
				D13AFE99289573BC00EFDC67 /* LayerViewModel.swift */,
			);
			path = Layer;
			sourceTree = "<group>";
		};
		D1B8E8A428816DE9003B2C48 /* View */ = {
			isa = PBXGroup;
			children = (
				D1A55F4B289182E500D9B645 /* Layer */,
				D1E06E1128917F9F001F12FD /* Profile */,
				D1E06E1028917F9B001F12FD /* Message */,
				D1E06E0F28917F90001F12FD /* Main */,
				D1E06DF728915405001F12FD /* Auth */,
			);
			path = View;
			sourceTree = "<group>";
		};
		D1B8E8A728816FFA003B2C48 /* Extension */ = {
			isa = PBXGroup;
			children = (
				D1B8E8A828817007003B2C48 /* UIView+.swift */,
				D1B8E8AA28817080003B2C48 /* UIColor+.swift */,
				D1E06E0928915D64001F12FD /* UIFont+.swift */,
				D1503D6F289529EE00C53B81 /* Encodable+.swift */,
				D13AFE9B2895757D00EFDC67 /* UIImageView+.swift */,
				D1C73BA128EE92E600E636F6 /* UIButton.swift */,
				D1C73BA328EE95A800E636F6 /* Date+.swift */,
			);
			path = Extension;
			sourceTree = "<group>";
		};
		D1DB663628ED436F007A8837 /* Frame */ = {
			isa = PBXGroup;
			children = (
				D1503D6B289527C400C53B81 /* FrameModel.swift */,
				D1DB663728ED437C007A8837 /* FrameUploadModel.swift */,
				D1F70E8A28D95EB900873E71 /* SimpleFrameModel.swift */,
			);
			path = Frame;
			sourceTree = "<group>";
		};
		D1E06DF728915405001F12FD /* Auth */ = {
			isa = PBXGroup;
			children = (
				D119080028AA8443009FBF64 /* Default */,
				D1E06DFA28915A4D001F12FD /* SignIn */,
				D1E06DF82891540D001F12FD /* Auth.storyboard */,
			);
			path = Auth;
			sourceTree = "<group>";
		};
		D1E06DFA28915A4D001F12FD /* SignIn */ = {
			isa = PBXGroup;
			children = (
				D1E06DFB28915B63001F12FD /* SignInViewController.swift */,
				D1E06E0B2891608E001F12FD /* SignInViewModel.swift */,
			);
			path = SignIn;
			sourceTree = "<group>";
		};
		D1E06DFD28915C44001F12FD /* Sources */ = {
			isa = PBXGroup;
			children = (
				D1E06DFE28915C50001F12FD /* Fonts */,
			);
			path = Sources;
			sourceTree = "<group>";
		};
		D1E06DFE28915C50001F12FD /* Fonts */ = {
			isa = PBXGroup;
			children = (
				D1E06DFF28915C59001F12FD /* SpoqaHanSansNeo-Bold.otf */,
				D1E06E0128915C59001F12FD /* SpoqaHanSansNeo-Light.otf */,
				D1E06E0028915C59001F12FD /* SpoqaHanSansNeo-Medium.otf */,
				D1E06E0328915C5A001F12FD /* SpoqaHanSansNeo-Regular.otf */,
				D1E06E0228915C5A001F12FD /* SpoqaHanSansNeo-Thin.otf */,
			);
			path = Fonts;
			sourceTree = "<group>";
		};
		D1E06E0F28917F90001F12FD /* Main */ = {
			isa = PBXGroup;
			children = (
				D1E06E0D28917E76001F12FD /* MainPageViewController.swift */,
				D1A55F502891841300D9B645 /* MainViewController.swift */,
				D16D99F02881695200D7C57E /* Main.storyboard */,
			);
			path = Main;
			sourceTree = "<group>";
		};
		D1E06E1028917F9B001F12FD /* Message */ = {
			isa = PBXGroup;
			children = (
				D1E06E1428917FAD001F12FD /* Message.storyboard */,
				D1E06E1828917FC3001F12FD /* MessageViewController.swift */,
			);
			path = Message;
			sourceTree = "<group>";
		};
		D1E06E1128917F9F001F12FD /* Profile */ = {
			isa = PBXGroup;
			children = (
				D1E06E1228917FA5001F12FD /* Profile.storyboard */,
				D1E06E1628917FBC001F12FD /* ProfileViewController.swift */,
			);
			path = Profile;
			sourceTree = "<group>";
		};
		EE1ACEF6AEB37D58409B0A83 /* Pods */ = {
			isa = PBXGroup;
			children = (
				CE9DD52763CD72DC31FA8D60 /* Pods-Layer.debug.xcconfig */,
				1FEFFC0F995940DA37794619 /* Pods-Layer.release.xcconfig */,
			);
			path = Pods;
			sourceTree = "<group>";
		};
/* End PBXGroup section */

/* Begin PBXNativeTarget section */
		D16D99E62881695200D7C57E /* Layer */ = {
			isa = PBXNativeTarget;
			buildConfigurationList = D16D99FB2881695300D7C57E /* Build configuration list for PBXNativeTarget "Layer" */;
			buildPhases = (
				144717C332C392FC1C318BAE /* [CP] Check Pods Manifest.lock */,
				D16D99E32881695200D7C57E /* Sources */,
				D16D99E42881695200D7C57E /* Frameworks */,
				D16D99E52881695200D7C57E /* Resources */,
				05873ED85C27EB76F37EA055 /* [CP] Embed Pods Frameworks */,
			);
			buildRules = (
			);
			dependencies = (
			);
			name = Layer;
			productName = Layer;
			productReference = D16D99E72881695200D7C57E /* Layer.app */;
			productType = "com.apple.product-type.application";
		};
/* End PBXNativeTarget section */

/* Begin PBXProject section */
		D16D99DF2881695200D7C57E /* Project object */ = {
			isa = PBXProject;
			attributes = {
				BuildIndependentTargetsInParallel = 1;
				LastSwiftUpdateCheck = 1340;
				LastUpgradeCheck = 1340;
				TargetAttributes = {
					D16D99E62881695200D7C57E = {
						CreatedOnToolsVersion = 13.4.1;
					};
				};
			};
			buildConfigurationList = D16D99E22881695200D7C57E /* Build configuration list for PBXProject "Layer" */;
			compatibilityVersion = "Xcode 13.0";
			developmentRegion = en;
			hasScannedForEncodings = 0;
			knownRegions = (
				en,
				Base,
			);
			mainGroup = D16D99DE2881695200D7C57E;
			productRefGroup = D16D99E82881695200D7C57E /* Products */;
			projectDirPath = "";
			projectRoot = "";
			targets = (
				D16D99E62881695200D7C57E /* Layer */,
			);
		};
/* End PBXProject section */

/* Begin PBXResourcesBuildPhase section */
		D16D99E52881695200D7C57E /* Resources */ = {
			isa = PBXResourcesBuildPhase;
			buildActionMask = 2147483647;
			files = (
				D16D99F72881695300D7C57E /* LaunchScreen.storyboard in Resources */,
				D1E06E1328917FA5001F12FD /* Profile.storyboard in Resources */,
				D1A55F4D289182EF00D9B645 /* Layer.storyboard in Resources */,
				D1E06E0828915D32001F12FD /* SpoqaHanSansNeo-Thin.otf in Resources */,
				D1B8E8A328816D3D003B2C48 /* GoogleService-Info.plist in Resources */,
				D1E06DF92891540D001F12FD /* Auth.storyboard in Resources */,
				D1E06E0628915D32001F12FD /* SpoqaHanSansNeo-Regular.otf in Resources */,
				D16D99F42881695300D7C57E /* Assets.xcassets in Resources */,
				D16D99F22881695200D7C57E /* Main.storyboard in Resources */,
				D1E06E0728915D32001F12FD /* SpoqaHanSansNeo-Bold.otf in Resources */,
				D1E06E0528915D32001F12FD /* SpoqaHanSansNeo-Light.otf in Resources */,
				D1E06E1528917FAD001F12FD /* Message.storyboard in Resources */,
				D1E06E0428915D32001F12FD /* SpoqaHanSansNeo-Medium.otf in Resources */,
			);
			runOnlyForDeploymentPostprocessing = 0;
		};
/* End PBXResourcesBuildPhase section */

/* Begin PBXShellScriptBuildPhase section */
		05873ED85C27EB76F37EA055 /* [CP] Embed Pods Frameworks */ = {
			isa = PBXShellScriptBuildPhase;
			buildActionMask = 2147483647;
			files = (
			);
			inputFileListPaths = (
				"${PODS_ROOT}/Target Support Files/Pods-Layer/Pods-Layer-frameworks-${CONFIGURATION}-input-files.xcfilelist",
			);
			name = "[CP] Embed Pods Frameworks";
			outputFileListPaths = (
				"${PODS_ROOT}/Target Support Files/Pods-Layer/Pods-Layer-frameworks-${CONFIGURATION}-output-files.xcfilelist",
			);
			runOnlyForDeploymentPostprocessing = 0;
			shellPath = /bin/sh;
			shellScript = "\"${PODS_ROOT}/Target Support Files/Pods-Layer/Pods-Layer-frameworks.sh\"\n";
			showEnvVarsInLog = 0;
		};
		144717C332C392FC1C318BAE /* [CP] Check Pods Manifest.lock */ = {
			isa = PBXShellScriptBuildPhase;
			buildActionMask = 2147483647;
			files = (
			);
			inputFileListPaths = (
			);
			inputPaths = (
				"${PODS_PODFILE_DIR_PATH}/Podfile.lock",
				"${PODS_ROOT}/Manifest.lock",
			);
			name = "[CP] Check Pods Manifest.lock";
			outputFileListPaths = (
			);
			outputPaths = (
				"$(DERIVED_FILE_DIR)/Pods-Layer-checkManifestLockResult.txt",
			);
			runOnlyForDeploymentPostprocessing = 0;
			shellPath = /bin/sh;
			shellScript = "diff \"${PODS_PODFILE_DIR_PATH}/Podfile.lock\" \"${PODS_ROOT}/Manifest.lock\" > /dev/null\nif [ $? != 0 ] ; then\n    # print error to STDERR\n    echo \"error: The sandbox is not in sync with the Podfile.lock. Run 'pod install' or update your CocoaPods installation.\" >&2\n    exit 1\nfi\n# This output is used by Xcode 'outputs' to avoid re-running this script phase.\necho \"SUCCESS\" > \"${SCRIPT_OUTPUT_FILE_0}\"\n";
			showEnvVarsInLog = 0;
		};
/* End PBXShellScriptBuildPhase section */

/* Begin PBXSourcesBuildPhase section */
		D16D99E32881695200D7C57E /* Sources */ = {
			isa = PBXSourcesBuildPhase;
			buildActionMask = 2147483647;
			files = (
				D119080A28AA9BBD009FBF64 /* FriendModel.swift in Sources */,
				D119080228AA844B009FBF64 /* DefaultViewController.swift in Sources */,
				D119080428AA84BF009FBF64 /* AuthManager.swift in Sources */,
				D1F70E8B28D95EB900873E71 /* SimpleFrameModel.swift in Sources */,
				D1503D6C289527C400C53B81 /* FrameModel.swift in Sources */,
				D1B8E8A928817007003B2C48 /* UIView+.swift in Sources */,
				D16194BB28EBBA46009DD015 /* AddTextFrameViewController.swift in Sources */,
				D13AFE982895706300EFDC67 /* FrameTableViewCell.swift in Sources */,
				D1E06E1728917FBC001F12FD /* ProfileViewController.swift in Sources */,
				D1E06DFC28915B63001F12FD /* SignInViewController.swift in Sources */,
				D1A55F512891841300D9B645 /* MainViewController.swift in Sources */,
				D12D4AD428EEA5F400923303 /* CommonModel.swift in Sources */,
				D16194B728EBB515009DD015 /* SelectFrameViewController.swift in Sources */,
				D13AFE9C2895757D00EFDC67 /* UIImageView+.swift in Sources */,
				D1DB663A28ED45AB007A8837 /* AddFrameType.swift in Sources */,
				D1E06E0A28915D64001F12FD /* UIFont+.swift in Sources */,
				D1E06E0C2891608E001F12FD /* SignInViewModel.swift in Sources */,
				D16D99EB2881695200D7C57E /* AppDelegate.swift in Sources */,
				D1503D6E2895280300C53B81 /* WriterModel.swift in Sources */,
				D1E06E1928917FC3001F12FD /* MessageViewController.swift in Sources */,
				D10822E528A3B4F6001E743F /* FrameManager.swift in Sources */,
				D1DB663828ED437C007A8837 /* FrameUploadModel.swift in Sources */,
				D11907FF28AA823C009FBF64 /* CurrentUserModel.swift in Sources */,
				D119080628AA8751009FBF64 /* Error.swift in Sources */,
				D1F70E8728D9421900873E71 /* UserManager.swift in Sources */,
				D1A554E928EBC85C0060226F /* SelectLayerViewController.swift in Sources */,
				D1C73BA228EE92E600E636F6 /* UIButton.swift in Sources */,
				D1A55F4F289182F800D9B645 /* LayerViewController.swift in Sources */,
				D1C73BA428EE95A800E636F6 /* Date+.swift in Sources */,
				D16D99ED2881695200D7C57E /* SceneDelegate.swift in Sources */,
				D13AFE9A289573BC00EFDC67 /* LayerViewModel.swift in Sources */,
				D1F70E8928D9439500873E71 /* UserModel.swift in Sources */,
				D122BB0128B12DEA00104170 /* UserProfileViewController.swift in Sources */,
				D1503D70289529EE00C53B81 /* Encodable+.swift in Sources */,
				D10822E728A3BA70001E743F /* CommonBackendType.swift in Sources */,
				D1E06E0E28917E76001F12FD /* MainPageViewController.swift in Sources */,
				D1B8E8AB28817080003B2C48 /* UIColor+.swift in Sources */,
			);
			runOnlyForDeploymentPostprocessing = 0;
		};
/* End PBXSourcesBuildPhase section */

/* Begin PBXVariantGroup section */
		D16D99F02881695200D7C57E /* Main.storyboard */ = {
			isa = PBXVariantGroup;
			children = (
				D16D99F12881695200D7C57E /* Base */,
			);
			name = Main.storyboard;
			sourceTree = "<group>";
		};
		D16D99F52881695300D7C57E /* LaunchScreen.storyboard */ = {
			isa = PBXVariantGroup;
			children = (
				D16D99F62881695300D7C57E /* Base */,
			);
			name = LaunchScreen.storyboard;
			sourceTree = "<group>";
		};
/* End PBXVariantGroup section */

/* Begin XCBuildConfiguration section */
		D16D99F92881695300D7C57E /* Debug */ = {
			isa = XCBuildConfiguration;
			buildSettings = {
				ALWAYS_SEARCH_USER_PATHS = NO;
				CLANG_ANALYZER_NONNULL = YES;
				CLANG_ANALYZER_NUMBER_OBJECT_CONVERSION = YES_AGGRESSIVE;
				CLANG_CXX_LANGUAGE_STANDARD = "gnu++17";
				CLANG_ENABLE_MODULES = YES;
				CLANG_ENABLE_OBJC_ARC = YES;
				CLANG_ENABLE_OBJC_WEAK = YES;
				CLANG_WARN_BLOCK_CAPTURE_AUTORELEASING = YES;
				CLANG_WARN_BOOL_CONVERSION = YES;
				CLANG_WARN_COMMA = YES;
				CLANG_WARN_CONSTANT_CONVERSION = YES;
				CLANG_WARN_DEPRECATED_OBJC_IMPLEMENTATIONS = YES;
				CLANG_WARN_DIRECT_OBJC_ISA_USAGE = YES_ERROR;
				CLANG_WARN_DOCUMENTATION_COMMENTS = YES;
				CLANG_WARN_EMPTY_BODY = YES;
				CLANG_WARN_ENUM_CONVERSION = YES;
				CLANG_WARN_INFINITE_RECURSION = YES;
				CLANG_WARN_INT_CONVERSION = YES;
				CLANG_WARN_NON_LITERAL_NULL_CONVERSION = YES;
				CLANG_WARN_OBJC_IMPLICIT_RETAIN_SELF = YES;
				CLANG_WARN_OBJC_LITERAL_CONVERSION = YES;
				CLANG_WARN_OBJC_ROOT_CLASS = YES_ERROR;
				CLANG_WARN_QUOTED_INCLUDE_IN_FRAMEWORK_HEADER = YES;
				CLANG_WARN_RANGE_LOOP_ANALYSIS = YES;
				CLANG_WARN_STRICT_PROTOTYPES = YES;
				CLANG_WARN_SUSPICIOUS_MOVE = YES;
				CLANG_WARN_UNGUARDED_AVAILABILITY = YES_AGGRESSIVE;
				CLANG_WARN_UNREACHABLE_CODE = YES;
				CLANG_WARN__DUPLICATE_METHOD_MATCH = YES;
				COPY_PHASE_STRIP = NO;
				DEBUG_INFORMATION_FORMAT = dwarf;
				ENABLE_STRICT_OBJC_MSGSEND = YES;
				ENABLE_TESTABILITY = YES;
				GCC_C_LANGUAGE_STANDARD = gnu11;
				GCC_DYNAMIC_NO_PIC = NO;
				GCC_NO_COMMON_BLOCKS = YES;
				GCC_OPTIMIZATION_LEVEL = 0;
				GCC_PREPROCESSOR_DEFINITIONS = (
					"DEBUG=1",
					"$(inherited)",
				);
				GCC_WARN_64_TO_32_BIT_CONVERSION = YES;
				GCC_WARN_ABOUT_RETURN_TYPE = YES_ERROR;
				GCC_WARN_UNDECLARED_SELECTOR = YES;
				GCC_WARN_UNINITIALIZED_AUTOS = YES_AGGRESSIVE;
				GCC_WARN_UNUSED_FUNCTION = YES;
				GCC_WARN_UNUSED_VARIABLE = YES;
				IPHONEOS_DEPLOYMENT_TARGET = 14;
				MTL_ENABLE_DEBUG_INFO = INCLUDE_SOURCE;
				MTL_FAST_MATH = YES;
				ONLY_ACTIVE_ARCH = YES;
				SDKROOT = iphoneos;
				SWIFT_ACTIVE_COMPILATION_CONDITIONS = DEBUG;
				SWIFT_OPTIMIZATION_LEVEL = "-Onone";
			};
			name = Debug;
		};
		D16D99FA2881695300D7C57E /* Release */ = {
			isa = XCBuildConfiguration;
			buildSettings = {
				ALWAYS_SEARCH_USER_PATHS = NO;
				CLANG_ANALYZER_NONNULL = YES;
				CLANG_ANALYZER_NUMBER_OBJECT_CONVERSION = YES_AGGRESSIVE;
				CLANG_CXX_LANGUAGE_STANDARD = "gnu++17";
				CLANG_ENABLE_MODULES = YES;
				CLANG_ENABLE_OBJC_ARC = YES;
				CLANG_ENABLE_OBJC_WEAK = YES;
				CLANG_WARN_BLOCK_CAPTURE_AUTORELEASING = YES;
				CLANG_WARN_BOOL_CONVERSION = YES;
				CLANG_WARN_COMMA = YES;
				CLANG_WARN_CONSTANT_CONVERSION = YES;
				CLANG_WARN_DEPRECATED_OBJC_IMPLEMENTATIONS = YES;
				CLANG_WARN_DIRECT_OBJC_ISA_USAGE = YES_ERROR;
				CLANG_WARN_DOCUMENTATION_COMMENTS = YES;
				CLANG_WARN_EMPTY_BODY = YES;
				CLANG_WARN_ENUM_CONVERSION = YES;
				CLANG_WARN_INFINITE_RECURSION = YES;
				CLANG_WARN_INT_CONVERSION = YES;
				CLANG_WARN_NON_LITERAL_NULL_CONVERSION = YES;
				CLANG_WARN_OBJC_IMPLICIT_RETAIN_SELF = YES;
				CLANG_WARN_OBJC_LITERAL_CONVERSION = YES;
				CLANG_WARN_OBJC_ROOT_CLASS = YES_ERROR;
				CLANG_WARN_QUOTED_INCLUDE_IN_FRAMEWORK_HEADER = YES;
				CLANG_WARN_RANGE_LOOP_ANALYSIS = YES;
				CLANG_WARN_STRICT_PROTOTYPES = YES;
				CLANG_WARN_SUSPICIOUS_MOVE = YES;
				CLANG_WARN_UNGUARDED_AVAILABILITY = YES_AGGRESSIVE;
				CLANG_WARN_UNREACHABLE_CODE = YES;
				CLANG_WARN__DUPLICATE_METHOD_MATCH = YES;
				COPY_PHASE_STRIP = NO;
				DEBUG_INFORMATION_FORMAT = "dwarf-with-dsym";
				ENABLE_NS_ASSERTIONS = NO;
				ENABLE_STRICT_OBJC_MSGSEND = YES;
				GCC_C_LANGUAGE_STANDARD = gnu11;
				GCC_NO_COMMON_BLOCKS = YES;
				GCC_WARN_64_TO_32_BIT_CONVERSION = YES;
				GCC_WARN_ABOUT_RETURN_TYPE = YES_ERROR;
				GCC_WARN_UNDECLARED_SELECTOR = YES;
				GCC_WARN_UNINITIALIZED_AUTOS = YES_AGGRESSIVE;
				GCC_WARN_UNUSED_FUNCTION = YES;
				GCC_WARN_UNUSED_VARIABLE = YES;
				IPHONEOS_DEPLOYMENT_TARGET = 14;
				MTL_ENABLE_DEBUG_INFO = NO;
				MTL_FAST_MATH = YES;
				SDKROOT = iphoneos;
				SWIFT_COMPILATION_MODE = wholemodule;
				SWIFT_OPTIMIZATION_LEVEL = "-O";
				VALIDATE_PRODUCT = YES;
			};
			name = Release;
		};
		D16D99FC2881695300D7C57E /* Debug */ = {
			isa = XCBuildConfiguration;
			baseConfigurationReference = CE9DD52763CD72DC31FA8D60 /* Pods-Layer.debug.xcconfig */;
			buildSettings = {
				ASSETCATALOG_COMPILER_APPICON_NAME = AppIcon;
				ASSETCATALOG_COMPILER_GLOBAL_ACCENT_COLOR_NAME = AccentColor;
				CODE_SIGN_ENTITLEMENTS = Layer/Layer.entitlements;
				CODE_SIGN_STYLE = Automatic;
				CURRENT_PROJECT_VERSION = 1;
				DEVELOPMENT_TEAM = H32HN8A88T;
				GENERATE_INFOPLIST_FILE = YES;
				INFOPLIST_FILE = Layer/Info.plist;
				INFOPLIST_KEY_UIApplicationSupportsIndirectInputEvents = YES;
				INFOPLIST_KEY_UILaunchStoryboardName = LaunchScreen;
				INFOPLIST_KEY_UISupportedInterfaceOrientations_iPad = "UIInterfaceOrientationPortrait UIInterfaceOrientationPortraitUpsideDown UIInterfaceOrientationLandscapeLeft UIInterfaceOrientationLandscapeRight";
				INFOPLIST_KEY_UISupportedInterfaceOrientations_iPhone = "UIInterfaceOrientationPortrait UIInterfaceOrientationLandscapeLeft UIInterfaceOrientationLandscapeRight";
				INFOPLIST_KEY_UIUserInterfaceStyle = light;
				IPHONEOS_DEPLOYMENT_TARGET = 14.0;
				LD_RUNPATH_SEARCH_PATHS = (
					"$(inherited)",
					"@executable_path/Frameworks",
				);
				MARKETING_VERSION = 1.0;
				PRODUCT_BUNDLE_IDENTIFIER = shawnApp.Layer;
				PRODUCT_NAME = "$(TARGET_NAME)";
				SWIFT_EMIT_LOC_STRINGS = YES;
				SWIFT_VERSION = 5.0;
				TARGETED_DEVICE_FAMILY = 1;
			};
			name = Debug;
		};
		D16D99FD2881695300D7C57E /* Release */ = {
			isa = XCBuildConfiguration;
			baseConfigurationReference = 1FEFFC0F995940DA37794619 /* Pods-Layer.release.xcconfig */;
			buildSettings = {
				ASSETCATALOG_COMPILER_APPICON_NAME = AppIcon;
				ASSETCATALOG_COMPILER_GLOBAL_ACCENT_COLOR_NAME = AccentColor;
				CODE_SIGN_ENTITLEMENTS = Layer/Layer.entitlements;
				CODE_SIGN_STYLE = Automatic;
				CURRENT_PROJECT_VERSION = 1;
				DEVELOPMENT_TEAM = H32HN8A88T;
				GENERATE_INFOPLIST_FILE = YES;
				INFOPLIST_FILE = Layer/Info.plist;
				INFOPLIST_KEY_UIApplicationSupportsIndirectInputEvents = YES;
				INFOPLIST_KEY_UILaunchStoryboardName = LaunchScreen;
				INFOPLIST_KEY_UISupportedInterfaceOrientations_iPad = "UIInterfaceOrientationPortrait UIInterfaceOrientationPortraitUpsideDown UIInterfaceOrientationLandscapeLeft UIInterfaceOrientationLandscapeRight";
				INFOPLIST_KEY_UISupportedInterfaceOrientations_iPhone = "UIInterfaceOrientationPortrait UIInterfaceOrientationLandscapeLeft UIInterfaceOrientationLandscapeRight";
				INFOPLIST_KEY_UIUserInterfaceStyle = light;
				IPHONEOS_DEPLOYMENT_TARGET = 14.0;
				LD_RUNPATH_SEARCH_PATHS = (
					"$(inherited)",
					"@executable_path/Frameworks",
				);
				MARKETING_VERSION = 1.0;
				PRODUCT_BUNDLE_IDENTIFIER = shawnApp.Layer;
				PRODUCT_NAME = "$(TARGET_NAME)";
				SWIFT_EMIT_LOC_STRINGS = YES;
				SWIFT_VERSION = 5.0;
				TARGETED_DEVICE_FAMILY = 1;
			};
			name = Release;
		};
/* End XCBuildConfiguration section */

/* Begin XCConfigurationList section */
		D16D99E22881695200D7C57E /* Build configuration list for PBXProject "Layer" */ = {
			isa = XCConfigurationList;
			buildConfigurations = (
				D16D99F92881695300D7C57E /* Debug */,
				D16D99FA2881695300D7C57E /* Release */,
			);
			defaultConfigurationIsVisible = 0;
			defaultConfigurationName = Release;
		};
		D16D99FB2881695300D7C57E /* Build configuration list for PBXNativeTarget "Layer" */ = {
			isa = XCConfigurationList;
			buildConfigurations = (
				D16D99FC2881695300D7C57E /* Debug */,
				D16D99FD2881695300D7C57E /* Release */,
			);
			defaultConfigurationIsVisible = 0;
			defaultConfigurationName = Release;
		};
/* End XCConfigurationList section */
	};
	rootObject = D16D99DF2881695200D7C57E /* Project object */;
}
